Microsoft Visual Studio Solution File, Format Version 12.00
# Visual Studio Version 17
VisualStudioVersion = 17.8.34330.188
MinimumVisualStudioVersion = 10.0.40219.1
Project("{9A19103F-16F7-4668-BE54-9A1E7A4F7556}") = "AgentTimeline", "AgentTimeline\AgentTimeline.csproj", "{67EA4243-1F67-417D-86FE-EA1FCF9EB52B}"
EndProject
Global
	GlobalSection(SolutionConfigurationPlatforms) = preSolution
		Debug|x64 = Debug|x64
		Release|x64 = Release|x64
	EndGlobalSection
	GlobalSection(ProjectConfigurationPlatforms) = postSolution
		{67EA4243-1F67-417D-86FE-EA1FCF9EB52B}.Debug|x64.ActiveCfg = Debug|x64
		{67EA4243-1F67-417D-86FE-EA1FCF9EB52B}.Debug|x64.Build.0 = Debug|x64
		{67EA4243-1F67-417D-86FE-EA1FCF9EB52B}.Release|x64.ActiveCfg = Release|x64
		{67EA4243-1F67-417D-86FE-EA1FCF9EB52B}.Release|x64.Build.0 = Release|x64
	EndGlobalSection
	GlobalSection(SolutionProperties) = preSolution
		HideSolutionNode = FALSE
	EndGlobalSection
	GlobalSection(ExtensibilityGlobals) = postSolution
		SolutionGuid = {8D4C21F1-2A5B-4E0E-9A6C-B10B6E2C9D44}
	EndGlobalSection
EndGlobal
